
Microsoft Visual Studio Solution File, Format Version 12.00
# Visual Studio 2013
VisualStudioVersion = 12.0.40629.0
MinimumVisualStudioVersion = 10.0.40219.1
Project("{FAE04EC0-301F-11D3-BF4B-00C04F79EFBC}") = "WinSECS", "WinSECS\WinSECS.csproj", "{B435E9C8-4372-42F6-8151-3CB8F54FC369}"
EndProject
Project("{FAE04EC0-301F-11D3-BF4B-00C04F79EFBC}") = "Log4netCustomizedAppender", "Log4netCustomizedAppender\Log4netCustomizedAppender.csproj", "{1F05C063-3869-495E-9BC4-5DA35EFEBA85}"
EndProject
Global
	GlobalSection(SolutionConfigurationPlatforms) = preSolution
		Debug|Any CPU = Debug|Any CPU
		Release|Any CPU = Release|Any CPU
	EndGlobalSection
	GlobalSection(ProjectConfigurationPlatforms) = postSolution
		{B435E9C8-4372-42F6-8151-3CB8F54FC369}.Debug|Any CPU.ActiveCfg = Debug|Any CPU
		{B435E9C8-4372-42F6-8151-3CB8F54FC369}.Debug|Any CPU.Build.0 = Debug|Any CPU
		{B435E9C8-4372-42F6-8151-3CB8F54FC369}.Release|Any CPU.ActiveCfg = Release|Any CPU
		{B435E9C8-4372-42F6-8151-3CB8F54FC369}.Release|Any CPU.Build.0 = Release|Any CPU
		{1F05C063-3869-495E-9BC4-5DA35EFEBA85}.Debug|Any CPU.ActiveCfg = Debug|Any CPU
		{1F05C063-3869-495E-9BC4-5DA35EFEBA85}.Debug|Any CPU.Build.0 = Debug|Any CPU
		{1F05C063-3869-495E-9BC4-5DA35EFEBA85}.Release|Any CPU.ActiveCfg = Release|Any CPU
		{1F05C063-3869-495E-9BC4-5DA35EFEBA85}.Release|Any CPU.Build.0 = Release|Any CPU
	EndGlobalSection
	GlobalSection(SolutionProperties) = preSolution
		HideSolutionNode = FALSE
	EndGlobalSection
EndGlobal
